
Microsoft Visual Studio Solution File, Format Version 12.00
# Visual Studio Version 16
VisualStudioVersion = 16.0.31105.61
MinimumVisualStudioVersion = 10.0.40219.1
Project("{9A19103F-16F7-4668-BE54-9A1E7A4F7556}") = "v2-frontend", "v2-frontend\v2-frontend.csproj", "{A1D9CBE9-22B5-4F34-A27F-6518AD72DC95}"
EndProject
Project("{9A19103F-16F7-4668-BE54-9A1E7A4F7556}") = "v2-webapi", "v2-webapi\v2-webapi.csproj", "{BC0095EF-6A22-4803-980B-BD6EA5311371}"
EndProject
Global
	GlobalSection(SolutionConfigurationPlatforms) = preSolution
		Debug|Any CPU = Debug|Any CPU
		Release|Any CPU = Release|Any CPU
	EndGlobalSection
	GlobalSection(ProjectConfigurationPlatforms) = postSolution
		{A1D9CBE9-22B5-4F34-A27F-6518AD72DC95}.Debug|Any CPU.ActiveCfg = Debug|Any CPU
		{A1D9CBE9-22B5-4F34-A27F-6518AD72DC95}.Debug|Any CPU.Build.0 = Debug|Any CPU
		{A1D9CBE9-22B5-4F34-A27F-6518AD72DC95}.Release|Any CPU.ActiveCfg = Release|Any CPU
		{A1D9CBE9-22B5-4F34-A27F-6518AD72DC95}.Release|Any CPU.Build.0 = Release|Any CPU
		{BC0095EF-6A22-4803-980B-BD6EA5311371}.Debug|Any CPU.ActiveCfg = Debug|Any CPU
		{BC0095EF-6A22-4803-980B-BD6EA5311371}.Debug|Any CPU.Build.0 = Debug|Any CPU
		{BC0095EF-6A22-4803-980B-BD6EA5311371}.Release|Any CPU.ActiveCfg = Release|Any CPU
		{BC0095EF-6A22-4803-980B-BD6EA5311371}.Release|Any CPU.Build.0 = Release|Any CPU
	EndGlobalSection
	GlobalSection(SolutionProperties) = preSolution
		HideSolutionNode = FALSE
	EndGlobalSection
	GlobalSection(ExtensibilityGlobals) = postSolution
		SolutionGuid = {93F92396-1F54-4D3E-A2A5-0E7C0AF0DA73}
	EndGlobalSection
EndGlobal
